
Microsoft Visual Studio Solution File, Format Version 12.00
# Visual Studio 15
VisualStudioVersion = 15.0.26730.8
MinimumVisualStudioVersion = 10.0.40219.1
Project("{FAE04EC0-301F-11D3-BF4B-00C04F79EFBC}") = "LifeCycleBank", "LifeCycleBank\LifeCycleBank.csproj", "{A6243626-69E1-4CD5-9594-A3E72E71A915}"
EndProject
Global
	GlobalSection(SolutionConfigurationPlatforms) = preSolution
		Debug|Any CPU = Debug|Any CPU
		Release|Any CPU = Release|Any CPU
	EndGlobalSection
	GlobalSection(ProjectConfigurationPlatforms) = postSolution
		{A6243626-69E1-4CD5-9594-A3E72E71A915}.Debug|Any CPU.ActiveCfg = Debug|Any CPU
		{A6243626-69E1-4CD5-9594-A3E72E71A915}.Debug|Any CPU.Build.0 = Debug|Any CPU
		{A6243626-69E1-4CD5-9594-A3E72E71A915}.Release|Any CPU.ActiveCfg = Release|Any CPU
		{A6243626-69E1-4CD5-9594-A3E72E71A915}.Release|Any CPU.Build.0 = Release|Any CPU
	EndGlobalSection
	GlobalSection(SolutionProperties) = preSolution
		HideSolutionNode = FALSE
	EndGlobalSection
	GlobalSection(ExtensibilityGlobals) = postSolution
		SolutionGuid = {D34C5399-3963-43DD-877F-B80E2322A343}
	EndGlobalSection
EndGlobal
